
Microsoft Visual Studio Solution File, Format Version 12.00
# Visual Studio Version 17
VisualStudioVersion = 17.0.31903.59
MinimumVisualStudioVersion = 10.0.40219.1
Project("{FAE04EC0-301F-11D3-BF4B-00C04F79EFBC}") = "RestApiTests", "RestApiTests\RestApiTests.csproj", "{88F5C27A-8845-44E3-9D58-2B8793F3E5DA}"
EndProject
Project("{FAE04EC0-301F-11D3-BF4B-00C04F79EFBC}") = "rest_api", "RestApi\rest_api.csproj", "{0D5EE328-388F-48F6-B169-1066CE291755}"
EndProject
Global
	GlobalSection(SolutionConfigurationPlatforms) = preSolution
		Debug|Any CPU = Debug|Any CPU
		Release|Any CPU = Release|Any CPU
	EndGlobalSection
	GlobalSection(SolutionProperties) = preSolution
		HideSolutionNode = FALSE
	EndGlobalSection
	GlobalSection(ProjectConfigurationPlatforms) = postSolution
		{7B9E2237-42ED-4E7B-BCF6-1B8E955D31E4}.Debug|Any CPU.ActiveCfg = Debug|Any CPU
		{7B9E2237-42ED-4E7B-BCF6-1B8E955D31E4}.Debug|Any CPU.Build.0 = Debug|Any CPU
		{7B9E2237-42ED-4E7B-BCF6-1B8E955D31E4}.Release|Any CPU.ActiveCfg = Release|Any CPU
		{7B9E2237-42ED-4E7B-BCF6-1B8E955D31E4}.Release|Any CPU.Build.0 = Release|Any CPU
		{88F5C27A-8845-44E3-9D58-2B8793F3E5DA}.Debug|Any CPU.ActiveCfg = Debug|Any CPU
		{88F5C27A-8845-44E3-9D58-2B8793F3E5DA}.Debug|Any CPU.Build.0 = Debug|Any CPU
		{88F5C27A-8845-44E3-9D58-2B8793F3E5DA}.Release|Any CPU.ActiveCfg = Release|Any CPU
		{88F5C27A-8845-44E3-9D58-2B8793F3E5DA}.Release|Any CPU.Build.0 = Release|Any CPU
		{0D5EE328-388F-48F6-B169-1066CE291755}.Debug|Any CPU.ActiveCfg = Debug|Any CPU
		{0D5EE328-388F-48F6-B169-1066CE291755}.Debug|Any CPU.Build.0 = Debug|Any CPU
		{0D5EE328-388F-48F6-B169-1066CE291755}.Release|Any CPU.ActiveCfg = Release|Any CPU
		{0D5EE328-388F-48F6-B169-1066CE291755}.Release|Any CPU.Build.0 = Release|Any CPU
	EndGlobalSection
EndGlobal
